{
    "version": 3,
    "terraform_version": "0.11.11",
    "serial": 2,
    "lineage": "ac9a5393-49d0-c197-6d26-34f525650d52",
    "modules": [
        {
            "path": [
                "root"
            ],
            "outputs": {},
            "resources": {
                "azurerm_resource_group.test": {
                    "type": "azurerm_resource_group",
                    "depends_on": [],
                    "primary": {
                        "id": "/subscriptions/648dcb5a-de1e-48b2-af6b-fe6ef28d355c/resourceGroups/tftest-aks-rg",
                        "attributes": {
                            "id": "/subscriptions/648dcb5a-de1e-48b2-af6b-fe6ef28d355c/resourceGroups/tftest-aks-rg",
                            "location": "eastus",
                            "name": "tftest-aks-rg",
                            "tags.%": "0"
                        },
                        "meta": {},
                        "tainted": false
                    },
                    "deposed": [],
                    "provider": "provider.azurerm"
                },
                "azurerm_subnet.test": {
                    "type": "azurerm_subnet",
                    "depends_on": [
                        "azurerm_resource_group.test",
                        "azurerm_virtual_network.test"
                    ],
                    "primary": {
                        "id": "/subscriptions/648dcb5a-de1e-48b2-af6b-fe6ef28d355c/resourceGroups/tftest-aks-rg/providers/Microsoft.Network/virtualNetworks/tftest-network/subnets/internal",
                        "attributes": {
                            "address_prefix": "172.20.0.0/20",
                            "delegation.#": "0",
                            "id": "/subscriptions/648dcb5a-de1e-48b2-af6b-fe6ef28d355c/resourceGroups/tftest-aks-rg/providers/Microsoft.Network/virtualNetworks/tftest-network/subnets/internal",
                            "ip_configurations.#": "0",
                            "name": "internal",
                            "network_security_group_id": "",
                            "resource_group_name": "tftest-aks-rg",
                            "route_table_id": "",
                            "service_endpoints.#": "0",
                            "virtual_network_name": "tftest-network"
                        },
                        "meta": {},
                        "tainted": false
                    },
                    "deposed": [],
                    "provider": "provider.azurerm"
                },
                "azurerm_virtual_network.test": {
                    "type": "azurerm_virtual_network",
                    "depends_on": [
                        "azurerm_resource_group.test"
                    ],
                    "primary": {
                        "id": "/subscriptions/648dcb5a-de1e-48b2-af6b-fe6ef28d355c/resourceGroups/tftest-aks-rg/providers/Microsoft.Network/virtualNetworks/tftest-network",
                        "attributes": {
                            "address_space.#": "1",
                            "address_space.0": "172.20.0.0/16",
                            "dns_servers.#": "0",
                            "id": "/subscriptions/648dcb5a-de1e-48b2-af6b-fe6ef28d355c/resourceGroups/tftest-aks-rg/providers/Microsoft.Network/virtualNetworks/tftest-network",
                            "location": "eastus",
                            "name": "tftest-network",
                            "resource_group_name": "tftest-aks-rg",
                            "subnet.#": "0",
                            "tags.%": "0"
                        },
                        "meta": {},
                        "tainted": false
                    },
                    "deposed": [],
                    "provider": "provider.azurerm"
                }
            },
            "depends_on": []
        }
    ]
}
